
Microsoft Visual Studio Solution File, Format Version 12.00
# Visual Studio Version 16
VisualStudioVersion = 16.0.29911.84
MinimumVisualStudioVersion = 10.0.40219.1
Project("{9A19103F-16F7-4668-BE54-9A1E7A4F7556}") = "Adia.SsnValidator", "Adia.SsnValidator.csproj", "{57B3C10F-9B13-496E-9328-A2E5806F89C5}"
EndProject
Project("{FAE04EC0-301F-11D3-BF4B-00C04F79EFBC}") = "Adia.Ssn.Tests", "..\Adia.Ssn.Tests\Adia.Ssn.Tests.csproj", "{89E2FC82-E62F-45A9-88D5-0A9A6121278F}"
EndProject
Global
	GlobalSection(SolutionConfigurationPlatforms) = preSolution
		Debug|Any CPU = Debug|Any CPU
		Release|Any CPU = Release|Any CPU
	EndGlobalSection
	GlobalSection(ProjectConfigurationPlatforms) = postSolution
		{57B3C10F-9B13-496E-9328-A2E5806F89C5}.Debug|Any CPU.ActiveCfg = Debug|Any CPU
		{57B3C10F-9B13-496E-9328-A2E5806F89C5}.Debug|Any CPU.Build.0 = Debug|Any CPU
		{57B3C10F-9B13-496E-9328-A2E5806F89C5}.Release|Any CPU.ActiveCfg = Release|Any CPU
		{57B3C10F-9B13-496E-9328-A2E5806F89C5}.Release|Any CPU.Build.0 = Release|Any CPU
		{89E2FC82-E62F-45A9-88D5-0A9A6121278F}.Debug|Any CPU.ActiveCfg = Debug|Any CPU
		{89E2FC82-E62F-45A9-88D5-0A9A6121278F}.Debug|Any CPU.Build.0 = Debug|Any CPU
		{89E2FC82-E62F-45A9-88D5-0A9A6121278F}.Release|Any CPU.ActiveCfg = Release|Any CPU
		{89E2FC82-E62F-45A9-88D5-0A9A6121278F}.Release|Any CPU.Build.0 = Release|Any CPU
	EndGlobalSection
	GlobalSection(SolutionProperties) = preSolution
		HideSolutionNode = FALSE
	EndGlobalSection
	GlobalSection(ExtensibilityGlobals) = postSolution
		SolutionGuid = {2641EDDB-3CFE-42F3-A4CC-14D8EA9543D8}
	EndGlobalSection
EndGlobal
